
Microsoft Visual Studio Solution File, Format Version 12.00
# Visual Studio Version 17
VisualStudioVersion = 17.8.34309.116
MinimumVisualStudioVersion = 10.0.40219.1
Project("{FAE04EC0-301F-11D3-BF4B-00C04F79EFBC}") = "DockerHttpClient", "DockerHttpClient\DockerHttpClient.csproj", "{9F7D8011-50D2-4F7B-A619-94BC7C43EAA0}"
EndProject
Global
	GlobalSection(SolutionConfigurationPlatforms) = preSolution
		Debug|Any CPU = Debug|Any CPU
		Release|Any CPU = Release|Any CPU
	EndGlobalSection
	GlobalSection(ProjectConfigurationPlatforms) = postSolution
		{9F7D8011-50D2-4F7B-A619-94BC7C43EAA0}.Debug|Any CPU.ActiveCfg = Debug|Any CPU
		{9F7D8011-50D2-4F7B-A619-94BC7C43EAA0}.Debug|Any CPU.Build.0 = Debug|Any CPU
		{9F7D8011-50D2-4F7B-A619-94BC7C43EAA0}.Release|Any CPU.ActiveCfg = Release|Any CPU
		{9F7D8011-50D2-4F7B-A619-94BC7C43EAA0}.Release|Any CPU.Build.0 = Release|Any CPU
	EndGlobalSection
	GlobalSection(SolutionProperties) = preSolution
		HideSolutionNode = FALSE
	EndGlobalSection
	GlobalSection(ExtensibilityGlobals) = postSolution
		SolutionGuid = {D2A63E22-3192-453B-A638-7672988D34C6}
	EndGlobalSection
EndGlobal
